
Microsoft Visual Studio Solution File, Format Version 12.00
# Visual Studio 15
VisualStudioVersion = 15.0.28010.2026
MinimumVisualStudioVersion = 10.0.40219.1
Project("{FAE04EC0-301F-11D3-BF4B-00C04F79EFBC}") = "OOP1", "OOP1\OOP1.csproj", "{155E7966-DD0E-4024-B282-DEDC79A61DAB}"
EndProject
Project("{FAE04EC0-301F-11D3-BF4B-00C04F79EFBC}") = "TESTTTT", "TESTTTT\TESTTTT.csproj", "{A4A215B2-8485-42EC-AEB5-8C2507C78BB7}"
EndProject
Global
	GlobalSection(SolutionConfigurationPlatforms) = preSolution
		Debug|Any CPU = Debug|Any CPU
		Release|Any CPU = Release|Any CPU
	EndGlobalSection
	GlobalSection(ProjectConfigurationPlatforms) = postSolution
		{155E7966-DD0E-4024-B282-DEDC79A61DAB}.Debug|Any CPU.ActiveCfg = Debug|Any CPU
		{155E7966-DD0E-4024-B282-DEDC79A61DAB}.Debug|Any CPU.Build.0 = Debug|Any CPU
		{155E7966-DD0E-4024-B282-DEDC79A61DAB}.Release|Any CPU.ActiveCfg = Release|Any CPU
		{155E7966-DD0E-4024-B282-DEDC79A61DAB}.Release|Any CPU.Build.0 = Release|Any CPU
		{A4A215B2-8485-42EC-AEB5-8C2507C78BB7}.Debug|Any CPU.ActiveCfg = Debug|Any CPU
		{A4A215B2-8485-42EC-AEB5-8C2507C78BB7}.Debug|Any CPU.Build.0 = Debug|Any CPU
		{A4A215B2-8485-42EC-AEB5-8C2507C78BB7}.Release|Any CPU.ActiveCfg = Release|Any CPU
		{A4A215B2-8485-42EC-AEB5-8C2507C78BB7}.Release|Any CPU.Build.0 = Release|Any CPU
	EndGlobalSection
	GlobalSection(SolutionProperties) = preSolution
		HideSolutionNode = FALSE
	EndGlobalSection
	GlobalSection(ExtensibilityGlobals) = postSolution
		SolutionGuid = {B03E009A-84D0-4CBF-9524-E0CBBE5EDC4A}
	EndGlobalSection
EndGlobal
